
Microsoft Visual Studio Solution File, Format Version 12.00
# Visual Studio Version 16
VisualStudioVersion = 16.0.30621.155
MinimumVisualStudioVersion = 10.0.40219.1
Project("{9A19103F-16F7-4668-BE54-9A1E7A4F7556}") = "PuzzleGame", "PuzzleGame\PuzzleGame.csproj", "{9D210DDF-13F3-4270-BD91-72BF12927953}"
EndProject
Project("{FAE04EC0-301F-11D3-BF4B-00C04F79EFBC}") = "DataAnalysis", "DataAnalysis\DataAnalysis.csproj", "{9D7E2BCD-06F3-46C0-A9D0-AA010D3522D6}"
EndProject
Project("{FAE04EC0-301F-11D3-BF4B-00C04F79EFBC}") = "PuzzleInterpretation", "PuzzleInterpretation\PuzzleInterpretation.csproj", "{A2970A26-95BF-48F1-ACB9-4E5420928603}"
EndProject
Global
	GlobalSection(SolutionConfigurationPlatforms) = preSolution
		Debug|Any CPU = Debug|Any CPU
		Release|Any CPU = Release|Any CPU
	EndGlobalSection
	GlobalSection(ProjectConfigurationPlatforms) = postSolution
		{9D210DDF-13F3-4270-BD91-72BF12927953}.Debug|Any CPU.ActiveCfg = Debug|Any CPU
		{9D210DDF-13F3-4270-BD91-72BF12927953}.Debug|Any CPU.Build.0 = Debug|Any CPU
		{9D210DDF-13F3-4270-BD91-72BF12927953}.Release|Any CPU.ActiveCfg = Release|Any CPU
		{9D210DDF-13F3-4270-BD91-72BF12927953}.Release|Any CPU.Build.0 = Release|Any CPU
		{9D7E2BCD-06F3-46C0-A9D0-AA010D3522D6}.Debug|Any CPU.ActiveCfg = Debug|Any CPU
		{9D7E2BCD-06F3-46C0-A9D0-AA010D3522D6}.Debug|Any CPU.Build.0 = Debug|Any CPU
		{9D7E2BCD-06F3-46C0-A9D0-AA010D3522D6}.Release|Any CPU.ActiveCfg = Release|Any CPU
		{9D7E2BCD-06F3-46C0-A9D0-AA010D3522D6}.Release|Any CPU.Build.0 = Release|Any CPU
		{A2970A26-95BF-48F1-ACB9-4E5420928603}.Debug|Any CPU.ActiveCfg = Debug|Any CPU
		{A2970A26-95BF-48F1-ACB9-4E5420928603}.Debug|Any CPU.Build.0 = Debug|Any CPU
		{A2970A26-95BF-48F1-ACB9-4E5420928603}.Release|Any CPU.ActiveCfg = Release|Any CPU
		{A2970A26-95BF-48F1-ACB9-4E5420928603}.Release|Any CPU.Build.0 = Release|Any CPU
	EndGlobalSection
	GlobalSection(SolutionProperties) = preSolution
		HideSolutionNode = FALSE
	EndGlobalSection
	GlobalSection(ExtensibilityGlobals) = postSolution
		SolutionGuid = {99AD7748-9AA3-4696-980B-C518AE2ADDC3}
	EndGlobalSection
EndGlobal
